
Microsoft Visual Studio Solution File, Format Version 12.00
# Visual Studio Version 16
VisualStudioVersion = 16.0.31321.278
MinimumVisualStudioVersion = 10.0.40219.1
Project("{FAE04EC0-301F-11D3-BF4B-00C04F79EFBC}") = "Course", "Course\Course.csproj", "{59B5E483-1023-49CF-BFC1-A9AC362D31EF}"
EndProject
Global
	GlobalSection(SolutionConfigurationPlatforms) = preSolution
		Debug|Any CPU = Debug|Any CPU
		Release|Any CPU = Release|Any CPU
	EndGlobalSection
	GlobalSection(ProjectConfigurationPlatforms) = postSolution
		{59B5E483-1023-49CF-BFC1-A9AC362D31EF}.Debug|Any CPU.ActiveCfg = Debug|Any CPU
		{59B5E483-1023-49CF-BFC1-A9AC362D31EF}.Debug|Any CPU.Build.0 = Debug|Any CPU
		{59B5E483-1023-49CF-BFC1-A9AC362D31EF}.Release|Any CPU.ActiveCfg = Release|Any CPU
		{59B5E483-1023-49CF-BFC1-A9AC362D31EF}.Release|Any CPU.Build.0 = Release|Any CPU
	EndGlobalSection
	GlobalSection(SolutionProperties) = preSolution
		HideSolutionNode = FALSE
	EndGlobalSection
	GlobalSection(ExtensibilityGlobals) = postSolution
		SolutionGuid = {9C5B00DB-7D69-4F18-AE95-D769754D9FE6}
	EndGlobalSection
EndGlobal
